
Microsoft Visual Studio Solution File, Format Version 12.00
# Visual Studio Version 17
VisualStudioVersion = 17.9.34728.123
MinimumVisualStudioVersion = 10.0.40219.1
Project("{FAE04EC0-301F-11D3-BF4B-00C04F79EFBC}") = "WahooPowerMeter", "WahooPowerMeter\WahooPowerMeter.csproj", "{7CBE87E5-1A04-4356-8B0B-8A10FC468CD0}"
EndProject
Global
	GlobalSection(SolutionConfigurationPlatforms) = preSolution
		Debug|Any CPU = Debug|Any CPU
		Release|Any CPU = Release|Any CPU
	EndGlobalSection
	GlobalSection(ProjectConfigurationPlatforms) = postSolution
		{7CBE87E5-1A04-4356-8B0B-8A10FC468CD0}.Debug|Any CPU.ActiveCfg = Debug|Any CPU
		{7CBE87E5-1A04-4356-8B0B-8A10FC468CD0}.Debug|Any CPU.Build.0 = Debug|Any CPU
		{7CBE87E5-1A04-4356-8B0B-8A10FC468CD0}.Release|Any CPU.ActiveCfg = Release|Any CPU
		{7CBE87E5-1A04-4356-8B0B-8A10FC468CD0}.Release|Any CPU.Build.0 = Release|Any CPU
	EndGlobalSection
	GlobalSection(SolutionProperties) = preSolution
		HideSolutionNode = FALSE
	EndGlobalSection
	GlobalSection(ExtensibilityGlobals) = postSolution
		SolutionGuid = {892EC45D-E0A2-44D4-A1B2-8A807EAE0E1C}
	EndGlobalSection
EndGlobal
